
Microsoft Visual Studio Solution File, Format Version 12.00
# Visual Studio 15
VisualStudioVersion = 15.0.28010.2003
MinimumVisualStudioVersion = 10.0.40219.1
Project("{FAE04EC0-301F-11D3-BF4B-00C04F79EFBC}") = "BCMWeb.Android", "BCMWeb\BCMWeb.Android\BCMWeb.Android.csproj", "{D5AC8874-77AA-402F-BB0F-728A94BBC8B8}"
EndProject
Project("{FAE04EC0-301F-11D3-BF4B-00C04F79EFBC}") = "BCMWeb.iOS", "BCMWeb\BCMWeb.iOS\BCMWeb.iOS.csproj", "{DFF386AD-DEB4-4785-8082-D527917C8307}"
EndProject
Project("{D954291E-2A0B-460D-934E-DC6B0785DB48}") = "BCMWeb", "BCMWeb\BCMWeb\BCMWeb.shproj", "{900149A2-7583-4D75-9162-FFBAD4807DBD}"
EndProject
Global
	GlobalSection(SharedMSBuildProjectFiles) = preSolution
		BCMWeb\BCMWeb\BCMWeb.projitems*{900149a2-7583-4d75-9162-ffbad4807dbd}*SharedItemsImports = 13
		BCMWeb\BCMWeb\BCMWeb.projitems*{d5ac8874-77aa-402f-bb0f-728a94bbc8b8}*SharedItemsImports = 4
		BCMWeb\BCMWeb\BCMWeb.projitems*{dff386ad-deb4-4785-8082-d527917c8307}*SharedItemsImports = 4
	EndGlobalSection
	GlobalSection(SolutionConfigurationPlatforms) = preSolution
		Ad-Hoc|Any CPU = Ad-Hoc|Any CPU
		Ad-Hoc|iPhone = Ad-Hoc|iPhone
		Ad-Hoc|iPhoneSimulator = Ad-Hoc|iPhoneSimulator
		AppStore|Any CPU = AppStore|Any CPU
		AppStore|iPhone = AppStore|iPhone
		AppStore|iPhoneSimulator = AppStore|iPhoneSimulator
		Debug|Any CPU = Debug|Any CPU
		Debug|iPhone = Debug|iPhone
		Debug|iPhoneSimulator = Debug|iPhoneSimulator
		Release|Any CPU = Release|Any CPU
		Release|iPhone = Release|iPhone
		Release|iPhoneSimulator = Release|iPhoneSimulator
	EndGlobalSection
	GlobalSection(ProjectConfigurationPlatforms) = postSolution
		{D5AC8874-77AA-402F-BB0F-728A94BBC8B8}.Ad-Hoc|Any CPU.ActiveCfg = Release|Any CPU
		{D5AC8874-77AA-402F-BB0F-728A94BBC8B8}.Ad-Hoc|Any CPU.Build.0 = Release|Any CPU
		{D5AC8874-77AA-402F-BB0F-728A94BBC8B8}.Ad-Hoc|Any CPU.Deploy.0 = Release|Any CPU
		{D5AC8874-77AA-402F-BB0F-728A94BBC8B8}.Ad-Hoc|iPhone.ActiveCfg = Release|Any CPU
		{D5AC8874-77AA-402F-BB0F-728A94BBC8B8}.Ad-Hoc|iPhone.Build.0 = Release|Any CPU
		{D5AC8874-77AA-402F-BB0F-728A94BBC8B8}.Ad-Hoc|iPhone.Deploy.0 = Release|Any CPU
		{D5AC8874-77AA-402F-BB0F-728A94BBC8B8}.Ad-Hoc|iPhoneSimulator.ActiveCfg = Release|Any CPU
		{D5AC8874-77AA-402F-BB0F-728A94BBC8B8}.Ad-Hoc|iPhoneSimulator.Build.0 = Release|Any CPU
		{D5AC8874-77AA-402F-BB0F-728A94BBC8B8}.Ad-Hoc|iPhoneSimulator.Deploy.0 = Release|Any CPU
		{D5AC8874-77AA-402F-BB0F-728A94BBC8B8}.AppStore|Any CPU.ActiveCfg = Release|Any CPU
		{D5AC8874-77AA-402F-BB0F-728A94BBC8B8}.AppStore|Any CPU.Build.0 = Release|Any CPU
		{D5AC8874-77AA-402F-BB0F-728A94BBC8B8}.AppStore|Any CPU.Deploy.0 = Release|Any CPU
		{D5AC8874-77AA-402F-BB0F-728A94BBC8B8}.AppStore|iPhone.ActiveCfg = Release|Any CPU
		{D5AC8874-77AA-402F-BB0F-728A94BBC8B8}.AppStore|iPhone.Build.0 = Release|Any CPU
		{D5AC8874-77AA-402F-BB0F-728A94BBC8B8}.AppStore|iPhone.Deploy.0 = Release|Any CPU
		{D5AC8874-77AA-402F-BB0F-728A94BBC8B8}.AppStore|iPhoneSimulator.ActiveCfg = Release|Any CPU
		{D5AC8874-77AA-402F-BB0F-728A94BBC8B8}.AppStore|iPhoneSimulator.Build.0 = Release|Any CPU
		{D5AC8874-77AA-402F-BB0F-728A94BBC8B8}.AppStore|iPhoneSimulator.Deploy.0 = Release|Any CPU
		{D5AC8874-77AA-402F-BB0F-728A94BBC8B8}.Debug|Any CPU.ActiveCfg = Debug|Any CPU
		{D5AC8874-77AA-402F-BB0F-728A94BBC8B8}.Debug|Any CPU.Build.0 = Debug|Any CPU
		{D5AC8874-77AA-402F-BB0F-728A94BBC8B8}.Debug|Any CPU.Deploy.0 = Debug|Any CPU
		{D5AC8874-77AA-402F-BB0F-728A94BBC8B8}.Debug|iPhone.ActiveCfg = Debug|Any CPU
		{D5AC8874-77AA-402F-BB0F-728A94BBC8B8}.Debug|iPhone.Build.0 = Debug|Any CPU
		{D5AC8874-77AA-402F-BB0F-728A94BBC8B8}.Debug|iPhone.Deploy.0 = Debug|Any CPU
		{D5AC8874-77AA-402F-BB0F-728A94BBC8B8}.Debug|iPhoneSimulator.ActiveCfg = Debug|Any CPU
		{D5AC8874-77AA-402F-BB0F-728A94BBC8B8}.Debug|iPhoneSimulator.Build.0 = Debug|Any CPU
		{D5AC8874-77AA-402F-BB0F-728A94BBC8B8}.Debug|iPhoneSimulator.Deploy.0 = Debug|Any CPU
		{D5AC8874-77AA-402F-BB0F-728A94BBC8B8}.Release|Any CPU.ActiveCfg = Release|Any CPU
		{D5AC8874-77AA-402F-BB0F-728A94BBC8B8}.Release|Any CPU.Build.0 = Release|Any CPU
		{D5AC8874-77AA-402F-BB0F-728A94BBC8B8}.Release|Any CPU.Deploy.0 = Release|Any CPU
		{D5AC8874-77AA-402F-BB0F-728A94BBC8B8}.Release|iPhone.ActiveCfg = Release|Any CPU
		{D5AC8874-77AA-402F-BB0F-728A94BBC8B8}.Release|iPhone.Build.0 = Release|Any CPU
		{D5AC8874-77AA-402F-BB0F-728A94BBC8B8}.Release|iPhone.Deploy.0 = Release|Any CPU
		{D5AC8874-77AA-402F-BB0F-728A94BBC8B8}.Release|iPhoneSimulator.ActiveCfg = Release|Any CPU
		{D5AC8874-77AA-402F-BB0F-728A94BBC8B8}.Release|iPhoneSimulator.Build.0 = Release|Any CPU
		{D5AC8874-77AA-402F-BB0F-728A94BBC8B8}.Release|iPhoneSimulator.Deploy.0 = Release|Any CPU
		{DFF386AD-DEB4-4785-8082-D527917C8307}.Ad-Hoc|Any CPU.ActiveCfg = Ad-Hoc|iPhone
		{DFF386AD-DEB4-4785-8082-D527917C8307}.Ad-Hoc|Any CPU.Build.0 = Ad-Hoc|iPhone
		{DFF386AD-DEB4-4785-8082-D527917C8307}.Ad-Hoc|Any CPU.Deploy.0 = Ad-Hoc|iPhone
		{DFF386AD-DEB4-4785-8082-D527917C8307}.Ad-Hoc|iPhone.ActiveCfg = Ad-Hoc|iPhone
		{DFF386AD-DEB4-4785-8082-D527917C8307}.Ad-Hoc|iPhone.Build.0 = Ad-Hoc|iPhone
		{DFF386AD-DEB4-4785-8082-D527917C8307}.Ad-Hoc|iPhone.Deploy.0 = Ad-Hoc|iPhone
		{DFF386AD-DEB4-4785-8082-D527917C8307}.Ad-Hoc|iPhoneSimulator.ActiveCfg = Ad-Hoc|iPhoneSimulator
		{DFF386AD-DEB4-4785-8082-D527917C8307}.Ad-Hoc|iPhoneSimulator.Build.0 = Ad-Hoc|iPhoneSimulator
		{DFF386AD-DEB4-4785-8082-D527917C8307}.Ad-Hoc|iPhoneSimulator.Deploy.0 = Ad-Hoc|iPhoneSimulator
		{DFF386AD-DEB4-4785-8082-D527917C8307}.AppStore|Any CPU.ActiveCfg = AppStore|iPhone
		{DFF386AD-DEB4-4785-8082-D527917C8307}.AppStore|Any CPU.Build.0 = AppStore|iPhone
		{DFF386AD-DEB4-4785-8082-D527917C8307}.AppStore|Any CPU.Deploy.0 = AppStore|iPhone
		{DFF386AD-DEB4-4785-8082-D527917C8307}.AppStore|iPhone.ActiveCfg = AppStore|iPhone
		{DFF386AD-DEB4-4785-8082-D527917C8307}.AppStore|iPhone.Build.0 = AppStore|iPhone
		{DFF386AD-DEB4-4785-8082-D527917C8307}.AppStore|iPhone.Deploy.0 = AppStore|iPhone
		{DFF386AD-DEB4-4785-8082-D527917C8307}.AppStore|iPhoneSimulator.ActiveCfg = AppStore|iPhoneSimulator
		{DFF386AD-DEB4-4785-8082-D527917C8307}.AppStore|iPhoneSimulator.Build.0 = AppStore|iPhoneSimulator
		{DFF386AD-DEB4-4785-8082-D527917C8307}.AppStore|iPhoneSimulator.Deploy.0 = AppStore|iPhoneSimulator
		{DFF386AD-DEB4-4785-8082-D527917C8307}.Debug|Any CPU.ActiveCfg = Debug|iPhone
		{DFF386AD-DEB4-4785-8082-D527917C8307}.Debug|Any CPU.Build.0 = Debug|iPhone
		{DFF386AD-DEB4-4785-8082-D527917C8307}.Debug|Any CPU.Deploy.0 = Debug|iPhone
		{DFF386AD-DEB4-4785-8082-D527917C8307}.Debug|iPhone.ActiveCfg = Debug|iPhone
		{DFF386AD-DEB4-4785-8082-D527917C8307}.Debug|iPhone.Build.0 = Debug|iPhone
		{DFF386AD-DEB4-4785-8082-D527917C8307}.Debug|iPhone.Deploy.0 = Debug|iPhone
		{DFF386AD-DEB4-4785-8082-D527917C8307}.Debug|iPhoneSimulator.ActiveCfg = Debug|iPhoneSimulator
		{DFF386AD-DEB4-4785-8082-D527917C8307}.Debug|iPhoneSimulator.Build.0 = Debug|iPhoneSimulator
		{DFF386AD-DEB4-4785-8082-D527917C8307}.Debug|iPhoneSimulator.Deploy.0 = Debug|iPhoneSimulator
		{DFF386AD-DEB4-4785-8082-D527917C8307}.Release|Any CPU.ActiveCfg = Release|iPhone
		{DFF386AD-DEB4-4785-8082-D527917C8307}.Release|Any CPU.Build.0 = Release|iPhone
		{DFF386AD-DEB4-4785-8082-D527917C8307}.Release|Any CPU.Deploy.0 = Release|iPhone
		{DFF386AD-DEB4-4785-8082-D527917C8307}.Release|iPhone.ActiveCfg = Release|iPhone
		{DFF386AD-DEB4-4785-8082-D527917C8307}.Release|iPhone.Build.0 = Release|iPhone
		{DFF386AD-DEB4-4785-8082-D527917C8307}.Release|iPhone.Deploy.0 = Release|iPhone
		{DFF386AD-DEB4-4785-8082-D527917C8307}.Release|iPhoneSimulator.ActiveCfg = Release|iPhoneSimulator
		{DFF386AD-DEB4-4785-8082-D527917C8307}.Release|iPhoneSimulator.Build.0 = Release|iPhoneSimulator
		{DFF386AD-DEB4-4785-8082-D527917C8307}.Release|iPhoneSimulator.Deploy.0 = Release|iPhoneSimulator
	EndGlobalSection
	GlobalSection(SolutionProperties) = preSolution
		HideSolutionNode = FALSE
	EndGlobalSection
	GlobalSection(ExtensibilityGlobals) = postSolution
		SolutionGuid = {1CEDF507-41EB-44A7-A506-F16934705126}
	EndGlobalSection
EndGlobal
